// !$*UTF8*$!
{
	archiveVersion = 1;
	classes = {
	};
	objectVersion = 56;
	objects = {

/* Begin PBXBuildFile section */
		F43259AF2C22279E00F258E5 /* CardView.swift in Sources */ = {isa = PBXBuildFile; fileRef = F43259AE2C22279E00F258E5 /* CardView.swift */; };
		F4610AD42C28B67A0095D75F /* CustomBackgroundView.swift in Sources */ = {isa = PBXBuildFile; fileRef = F4610AD32C28B67A0095D75F /* CustomBackgroundView.swift */; };
		F4610AD72C28B78C0095D75F /* ColorExtension.swift in Sources */ = {isa = PBXBuildFile; fileRef = F4610AD62C28B78C0095D75F /* ColorExtension.swift */; };
		F4610AD92C28BE7A0095D75F /* CustomButtonView.swift in Sources */ = {isa = PBXBuildFile; fileRef = F4610AD82C28BE7A0095D75F /* CustomButtonView.swift */; };
		F4610ADB2C28CA730095D75F /* GradientButtonStyle.swift in Sources */ = {isa = PBXBuildFile; fileRef = F4610ADA2C28CA730095D75F /* GradientButtonStyle.swift */; };
		F4796BF32C3F2115005524B4 /* CustomListRowView.swift in Sources */ = {isa = PBXBuildFile; fileRef = F4796BF22C3F2115005524B4 /* CustomListRowView.swift */; };
		F485E19D2C3709F900F859A5 /* SettingsView.swift in Sources */ = {isa = PBXBuildFile; fileRef = F485E19C2C3709F900F859A5 /* SettingsView.swift */; };
		F4A0A8822C1F800B003AFEA1 /* HikeApp.swift in Sources */ = {isa = PBXBuildFile; fileRef = F4A0A8812C1F800B003AFEA1 /* HikeApp.swift */; };
		F4A0A8842C1F800B003AFEA1 /* ContentView.swift in Sources */ = {isa = PBXBuildFile; fileRef = F4A0A8832C1F800B003AFEA1 /* ContentView.swift */; };
		F4A0A8862C1F800D003AFEA1 /* Assets.xcassets in Resources */ = {isa = PBXBuildFile; fileRef = F4A0A8852C1F800D003AFEA1 /* Assets.xcassets */; };
		F4A0A8892C1F800D003AFEA1 /* Preview Assets.xcassets in Resources */ = {isa = PBXBuildFile; fileRef = F4A0A8882C1F800D003AFEA1 /* Preview Assets.xcassets */; };
		F4AEFF7B2C2CB68900331CAF /* CustomCircleView.swift in Sources */ = {isa = PBXBuildFile; fileRef = F4AEFF7A2C2CB68900331CAF /* CustomCircleView.swift */; };
		F4AEFF7D2C2CB7E000331CAF /* MotionAnimationView.swift in Sources */ = {isa = PBXBuildFile; fileRef = F4AEFF7C2C2CB7E000331CAF /* MotionAnimationView.swift */; };
/* End PBXBuildFile section */

/* Begin PBXFileReference section */
		F43259AE2C22279E00F258E5 /* CardView.swift */ = {isa = PBXFileReference; lastKnownFileType = sourcecode.swift; path = CardView.swift; sourceTree = "<group>"; };
		F4610AD32C28B67A0095D75F /* CustomBackgroundView.swift */ = {isa = PBXFileReference; lastKnownFileType = sourcecode.swift; path = CustomBackgroundView.swift; sourceTree = "<group>"; };
		F4610AD62C28B78C0095D75F /* ColorExtension.swift */ = {isa = PBXFileReference; lastKnownFileType = sourcecode.swift; path = ColorExtension.swift; sourceTree = "<group>"; };
		F4610AD82C28BE7A0095D75F /* CustomButtonView.swift */ = {isa = PBXFileReference; lastKnownFileType = sourcecode.swift; path = CustomButtonView.swift; sourceTree = "<group>"; };
		F4610ADA2C28CA730095D75F /* GradientButtonStyle.swift */ = {isa = PBXFileReference; lastKnownFileType = sourcecode.swift; path = GradientButtonStyle.swift; sourceTree = "<group>"; };
		F4796BF22C3F2115005524B4 /* CustomListRowView.swift */ = {isa = PBXFileReference; lastKnownFileType = sourcecode.swift; path = CustomListRowView.swift; sourceTree = "<group>"; };
		F485E19C2C3709F900F859A5 /* SettingsView.swift */ = {isa = PBXFileReference; lastKnownFileType = sourcecode.swift; path = SettingsView.swift; sourceTree = "<group>"; };
		F4A0A87E2C1F800B003AFEA1 /* HikeApp.app */ = {isa = PBXFileReference; explicitFileType = wrapper.application; includeInIndex = 0; path = HikeApp.app; sourceTree = BUILT_PRODUCTS_DIR; };
		F4A0A8812C1F800B003AFEA1 /* HikeApp.swift */ = {isa = PBXFileReference; lastKnownFileType = sourcecode.swift; path = HikeApp.swift; sourceTree = "<group>"; };
		F4A0A8832C1F800B003AFEA1 /* ContentView.swift */ = {isa = PBXFileReference; lastKnownFileType = sourcecode.swift; path = ContentView.swift; sourceTree = "<group>"; };
		F4A0A8852C1F800D003AFEA1 /* Assets.xcassets */ = {isa = PBXFileReference; lastKnownFileType = folder.assetcatalog; path = Assets.xcassets; sourceTree = "<group>"; };
		F4A0A8882C1F800D003AFEA1 /* Preview Assets.xcassets */ = {isa = PBXFileReference; lastKnownFileType = folder.assetcatalog; path = "Preview Assets.xcassets"; sourceTree = "<group>"; };
		F4AEFF7A2C2CB68900331CAF /* CustomCircleView.swift */ = {isa = PBXFileReference; lastKnownFileType = sourcecode.swift; path = CustomCircleView.swift; sourceTree = "<group>"; };
		F4AEFF7C2C2CB7E000331CAF /* MotionAnimationView.swift */ = {isa = PBXFileReference; lastKnownFileType = sourcecode.swift; path = MotionAnimationView.swift; sourceTree = "<group>"; };
/* End PBXFileReference section */

/* Begin PBXFrameworksBuildPhase section */
		F4A0A87B2C1F800B003AFEA1 /* Frameworks */ = {
			isa = PBXFrameworksBuildPhase;
			buildActionMask = 2147483647;
			files = (
			);
			runOnlyForDeploymentPostprocessing = 0;
		};
/* End PBXFrameworksBuildPhase section */

/* Begin PBXGroup section */
		F4610AD22C28B6560095D75F /* Component */ = {
			isa = PBXGroup;
			children = (
				F43259AE2C22279E00F258E5 /* CardView.swift */,
				F4610AD32C28B67A0095D75F /* CustomBackgroundView.swift */,
				F4610AD82C28BE7A0095D75F /* CustomButtonView.swift */,
				F4AEFF7A2C2CB68900331CAF /* CustomCircleView.swift */,
				F4AEFF7C2C2CB7E000331CAF /* MotionAnimationView.swift */,
				F4796BF22C3F2115005524B4 /* CustomListRowView.swift */,
			);
			path = Component;
			sourceTree = "<group>";
		};
		F4610AD52C28B7730095D75F /* Utility */ = {
			isa = PBXGroup;
			children = (
				F4610AD62C28B78C0095D75F /* ColorExtension.swift */,
				F4610ADA2C28CA730095D75F /* GradientButtonStyle.swift */,
			);
			path = Utility;
			sourceTree = "<group>";
		};
		F485E19B2C3709E800F859A5 /* Screen */ = {
			isa = PBXGroup;
			children = (
				F4A0A8832C1F800B003AFEA1 /* ContentView.swift */,
				F485E19C2C3709F900F859A5 /* SettingsView.swift */,
			);
			path = Screen;
			sourceTree = "<group>";
		};
		F4A0A8752C1F800B003AFEA1 = {
			isa = PBXGroup;
			children = (
				F4A0A8802C1F800B003AFEA1 /* HikeApp */,
				F4A0A87F2C1F800B003AFEA1 /* Products */,
			);
			sourceTree = "<group>";
		};
		F4A0A87F2C1F800B003AFEA1 /* Products */ = {
			isa = PBXGroup;
			children = (
				F4A0A87E2C1F800B003AFEA1 /* HikeApp.app */,
			);
			name = Products;
			sourceTree = "<group>";
		};
		F4A0A8802C1F800B003AFEA1 /* HikeApp */ = {
			isa = PBXGroup;
			children = (
				F4A0A8812C1F800B003AFEA1 /* HikeApp.swift */,
				F485E19B2C3709E800F859A5 /* Screen */,
				F4610AD22C28B6560095D75F /* Component */,
				F4610AD52C28B7730095D75F /* Utility */,
				F4A0A8852C1F800D003AFEA1 /* Assets.xcassets */,
				F4A0A8872C1F800D003AFEA1 /* Preview Content */,
			);
			path = HikeApp;
			sourceTree = "<group>";
		};
		F4A0A8872C1F800D003AFEA1 /* Preview Content */ = {
			isa = PBXGroup;
			children = (
				F4A0A8882C1F800D003AFEA1 /* Preview Assets.xcassets */,
			);
			path = "Preview Content";
			sourceTree = "<group>";
		};
/* End PBXGroup section */

/* Begin PBXNativeTarget section */
		F4A0A87D2C1F800B003AFEA1 /* HikeApp */ = {
			isa = PBXNativeTarget;
			buildConfigurationList = F4A0A88C2C1F800D003AFEA1 /* Build configuration list for PBXNativeTarget "HikeApp" */;
			buildPhases = (
				F4A0A87A2C1F800B003AFEA1 /* Sources */,
				F4A0A87B2C1F800B003AFEA1 /* Frameworks */,
				F4A0A87C2C1F800B003AFEA1 /* Resources */,
			);
			buildRules = (
			);
			dependencies = (
			);
			name = HikeApp;
			productName = HikeApp;
			productReference = F4A0A87E2C1F800B003AFEA1 /* HikeApp.app */;
			productType = "com.apple.product-type.application";
		};
/* End PBXNativeTarget section */

/* Begin PBXProject section */
		F4A0A8762C1F800B003AFEA1 /* Project object */ = {
			isa = PBXProject;
			attributes = {
				BuildIndependentTargetsInParallel = 1;
				LastSwiftUpdateCheck = 1540;
				LastUpgradeCheck = 1540;
				TargetAttributes = {
					F4A0A87D2C1F800B003AFEA1 = {
						CreatedOnToolsVersion = 15.4;
					};
				};
			};
			buildConfigurationList = F4A0A8792C1F800B003AFEA1 /* Build configuration list for PBXProject "HikeApp" */;
			compatibilityVersion = "Xcode 14.0";
			developmentRegion = en;
			hasScannedForEncodings = 0;
			knownRegions = (
				en,
				Base,
			);
			mainGroup = F4A0A8752C1F800B003AFEA1;
			productRefGroup = F4A0A87F2C1F800B003AFEA1 /* Products */;
			projectDirPath = "";
			projectRoot = "";
			targets = (
				F4A0A87D2C1F800B003AFEA1 /* HikeApp */,
			);
		};
/* End PBXProject section */

/* Begin PBXResourcesBuildPhase section */
		F4A0A87C2C1F800B003AFEA1 /* Resources */ = {
			isa = PBXResourcesBuildPhase;
			buildActionMask = 2147483647;
			files = (
				F4A0A8892C1F800D003AFEA1 /* Preview Assets.xcassets in Resources */,
				F4A0A8862C1F800D003AFEA1 /* Assets.xcassets in Resources */,
			);
			runOnlyForDeploymentPostprocessing = 0;
		};
/* End PBXResourcesBuildPhase section */

/* Begin PBXSourcesBuildPhase section */
		F4A0A87A2C1F800B003AFEA1 /* Sources */ = {
			isa = PBXSourcesBuildPhase;
			buildActionMask = 2147483647;
			files = (
				F4A0A8842C1F800B003AFEA1 /* ContentView.swift in Sources */,
				F4AEFF7B2C2CB68900331CAF /* CustomCircleView.swift in Sources */,
				F4796BF32C3F2115005524B4 /* CustomListRowView.swift in Sources */,
				F43259AF2C22279E00F258E5 /* CardView.swift in Sources */,
				F4A0A8822C1F800B003AFEA1 /* HikeApp.swift in Sources */,
				F4610AD42C28B67A0095D75F /* CustomBackgroundView.swift in Sources */,
				F485E19D2C3709F900F859A5 /* SettingsView.swift in Sources */,
				F4610ADB2C28CA730095D75F /* GradientButtonStyle.swift in Sources */,
				F4AEFF7D2C2CB7E000331CAF /* MotionAnimationView.swift in Sources */,
				F4610AD72C28B78C0095D75F /* ColorExtension.swift in Sources */,
				F4610AD92C28BE7A0095D75F /* CustomButtonView.swift in Sources */,
			);
			runOnlyForDeploymentPostprocessing = 0;
		};
/* End PBXSourcesBuildPhase section */

/* Begin XCBuildConfiguration section */
		F4A0A88A2C1F800D003AFEA1 /* Debug */ = {
			isa = XCBuildConfiguration;
			buildSettings = {
				ALWAYS_SEARCH_USER_PATHS = NO;
				ASSETCATALOG_COMPILER_GENERATE_SWIFT_ASSET_SYMBOL_EXTENSIONS = YES;
				CLANG_ANALYZER_NONNULL = YES;
				CLANG_ANALYZER_NUMBER_OBJECT_CONVERSION = YES_AGGRESSIVE;
				CLANG_CXX_LANGUAGE_STANDARD = "gnu++20";
				CLANG_ENABLE_MODULES = YES;
				CLANG_ENABLE_OBJC_ARC = YES;
				CLANG_ENABLE_OBJC_WEAK = YES;
				CLANG_WARN_BLOCK_CAPTURE_AUTORELEASING = YES;
				CLANG_WARN_BOOL_CONVERSION = YES;
				CLANG_WARN_COMMA = YES;
				CLANG_WARN_CONSTANT_CONVERSION = YES;
				CLANG_WARN_DEPRECATED_OBJC_IMPLEMENTATIONS = YES;
				CLANG_WARN_DIRECT_OBJC_ISA_USAGE = YES_ERROR;
				CLANG_WARN_DOCUMENTATION_COMMENTS = YES;
				CLANG_WARN_EMPTY_BODY = YES;
				CLANG_WARN_ENUM_CONVERSION = YES;
				CLANG_WARN_INFINITE_RECURSION = YES;
				CLANG_WARN_INT_CONVERSION = YES;
				CLANG_WARN_NON_LITERAL_NULL_CONVERSION = YES;
				CLANG_WARN_OBJC_IMPLICIT_RETAIN_SELF = YES;
				CLANG_WARN_OBJC_LITERAL_CONVERSION = YES;
				CLANG_WARN_OBJC_ROOT_CLASS = YES_ERROR;
				CLANG_WARN_QUOTED_INCLUDE_IN_FRAMEWORK_HEADER = YES;
				CLANG_WARN_RANGE_LOOP_ANALYSIS = YES;
				CLANG_WARN_STRICT_PROTOTYPES = YES;
				CLANG_WARN_SUSPICIOUS_MOVE = YES;
				CLANG_WARN_UNGUARDED_AVAILABILITY = YES_AGGRESSIVE;
				CLANG_WARN_UNREACHABLE_CODE = YES;
				CLANG_WARN__DUPLICATE_METHOD_MATCH = YES;
				COPY_PHASE_STRIP = NO;
				DEBUG_INFORMATION_FORMAT = dwarf;
				ENABLE_STRICT_OBJC_MSGSEND = YES;
				ENABLE_TESTABILITY = YES;
				ENABLE_USER_SCRIPT_SANDBOXING = YES;
				GCC_C_LANGUAGE_STANDARD = gnu17;
				GCC_DYNAMIC_NO_PIC = NO;
				GCC_NO_COMMON_BLOCKS = YES;
				GCC_OPTIMIZATION_LEVEL = 0;
				GCC_PREPROCESSOR_DEFINITIONS = (
					"DEBUG=1",
					"$(inherited)",
				);
				GCC_WARN_64_TO_32_BIT_CONVERSION = YES;
				GCC_WARN_ABOUT_RETURN_TYPE = YES_ERROR;
				GCC_WARN_UNDECLARED_SELECTOR = YES;
				GCC_WARN_UNINITIALIZED_AUTOS = YES_AGGRESSIVE;
				GCC_WARN_UNUSED_FUNCTION = YES;
				GCC_WARN_UNUSED_VARIABLE = YES;
				IPHONEOS_DEPLOYMENT_TARGET = 17.5;
				LOCALIZATION_PREFERS_STRING_CATALOGS = YES;
				MTL_ENABLE_DEBUG_INFO = INCLUDE_SOURCE;
				MTL_FAST_MATH = YES;
				ONLY_ACTIVE_ARCH = YES;
				SDKROOT = iphoneos;
				SWIFT_ACTIVE_COMPILATION_CONDITIONS = "DEBUG $(inherited)";
				SWIFT_OPTIMIZATION_LEVEL = "-Onone";
			};
			name = Debug;
		};
		F4A0A88B2C1F800D003AFEA1 /* Release */ = {
			isa = XCBuildConfiguration;
			buildSettings = {
				ALWAYS_SEARCH_USER_PATHS = NO;
				ASSETCATALOG_COMPILER_GENERATE_SWIFT_ASSET_SYMBOL_EXTENSIONS = YES;
				CLANG_ANALYZER_NONNULL = YES;
				CLANG_ANALYZER_NUMBER_OBJECT_CONVERSION = YES_AGGRESSIVE;
				CLANG_CXX_LANGUAGE_STANDARD = "gnu++20";
				CLANG_ENABLE_MODULES = YES;
				CLANG_ENABLE_OBJC_ARC = YES;
				CLANG_ENABLE_OBJC_WEAK = YES;
				CLANG_WARN_BLOCK_CAPTURE_AUTORELEASING = YES;
				CLANG_WARN_BOOL_CONVERSION = YES;
				CLANG_WARN_COMMA = YES;
				CLANG_WARN_CONSTANT_CONVERSION = YES;
				CLANG_WARN_DEPRECATED_OBJC_IMPLEMENTATIONS = YES;
				CLANG_WARN_DIRECT_OBJC_ISA_USAGE = YES_ERROR;
				CLANG_WARN_DOCUMENTATION_COMMENTS = YES;
				CLANG_WARN_EMPTY_BODY = YES;
				CLANG_WARN_ENUM_CONVERSION = YES;
				CLANG_WARN_INFINITE_RECURSION = YES;
				CLANG_WARN_INT_CONVERSION = YES;
				CLANG_WARN_NON_LITERAL_NULL_CONVERSION = YES;
				CLANG_WARN_OBJC_IMPLICIT_RETAIN_SELF = YES;
				CLANG_WARN_OBJC_LITERAL_CONVERSION = YES;
				CLANG_WARN_OBJC_ROOT_CLASS = YES_ERROR;
				CLANG_WARN_QUOTED_INCLUDE_IN_FRAMEWORK_HEADER = YES;
				CLANG_WARN_RANGE_LOOP_ANALYSIS = YES;
				CLANG_WARN_STRICT_PROTOTYPES = YES;
				CLANG_WARN_SUSPICIOUS_MOVE = YES;
				CLANG_WARN_UNGUARDED_AVAILABILITY = YES_AGGRESSIVE;
				CLANG_WARN_UNREACHABLE_CODE = YES;
				CLANG_WARN__DUPLICATE_METHOD_MATCH = YES;
				COPY_PHASE_STRIP = NO;
				DEBUG_INFORMATION_FORMAT = "dwarf-with-dsym";
				ENABLE_NS_ASSERTIONS = NO;
				ENABLE_STRICT_OBJC_MSGSEND = YES;
				ENABLE_USER_SCRIPT_SANDBOXING = YES;
				GCC_C_LANGUAGE_STANDARD = gnu17;
				GCC_NO_COMMON_BLOCKS = YES;
				GCC_WARN_64_TO_32_BIT_CONVERSION = YES;
				GCC_WARN_ABOUT_RETURN_TYPE = YES_ERROR;
				GCC_WARN_UNDECLARED_SELECTOR = YES;
				GCC_WARN_UNINITIALIZED_AUTOS = YES_AGGRESSIVE;
				GCC_WARN_UNUSED_FUNCTION = YES;
				GCC_WARN_UNUSED_VARIABLE = YES;
				IPHONEOS_DEPLOYMENT_TARGET = 17.5;
				LOCALIZATION_PREFERS_STRING_CATALOGS = YES;
				MTL_ENABLE_DEBUG_INFO = NO;
				MTL_FAST_MATH = YES;
				SDKROOT = iphoneos;
				SWIFT_COMPILATION_MODE = wholemodule;
				VALIDATE_PRODUCT = YES;
			};
			name = Release;
		};
		F4A0A88D2C1F800D003AFEA1 /* Debug */ = {
			isa = XCBuildConfiguration;
			buildSettings = {
				ASSETCATALOG_COMPILER_ALTERNATE_APPICON_NAMES = "AppIcon-MagnifyingGlass AppIcon-Campfire AppIcon-Backpack AppIcon-Map AppIcon-Mushroom AppIcon-Camera";
				ASSETCATALOG_COMPILER_APPICON_NAME = AppIcon;
				ASSETCATALOG_COMPILER_GLOBAL_ACCENT_COLOR_NAME = AccentColor;
				ASSETCATALOG_COMPILER_INCLUDE_ALL_APPICON_ASSETS = YES;
				CODE_SIGN_STYLE = Automatic;
				CURRENT_PROJECT_VERSION = 1;
				DEVELOPMENT_ASSET_PATHS = "\"HikeApp/Preview Content\"";
				DEVELOPMENT_TEAM = 56AB9A2723;
				ENABLE_PREVIEWS = YES;
				GENERATE_INFOPLIST_FILE = YES;
				INFOPLIST_KEY_UIApplicationSceneManifest_Generation = YES;
				INFOPLIST_KEY_UIApplicationSupportsIndirectInputEvents = YES;
				INFOPLIST_KEY_UILaunchScreen_Generation = YES;
				INFOPLIST_KEY_UISupportedInterfaceOrientations_iPad = "UIInterfaceOrientationPortrait UIInterfaceOrientationPortraitUpsideDown UIInterfaceOrientationLandscapeLeft UIInterfaceOrientationLandscapeRight";
				INFOPLIST_KEY_UISupportedInterfaceOrientations_iPhone = "UIInterfaceOrientationPortrait UIInterfaceOrientationLandscapeLeft UIInterfaceOrientationLandscapeRight";
				LD_RUNPATH_SEARCH_PATHS = (
					"$(inherited)",
					"@executable_path/Frameworks",
				);
				MARKETING_VERSION = 1.0;
				PRODUCT_BUNDLE_IDENTIFIER = com.MyXcodeProjects.HikeApp;
				PRODUCT_NAME = "$(TARGET_NAME)";
				SWIFT_EMIT_LOC_STRINGS = YES;
				SWIFT_VERSION = 5.0;
				TARGETED_DEVICE_FAMILY = "1,2";
			};
			name = Debug;
		};
		F4A0A88E2C1F800D003AFEA1 /* Release */ = {
			isa = XCBuildConfiguration;
			buildSettings = {
				ASSETCATALOG_COMPILER_ALTERNATE_APPICON_NAMES = "AppIcon-MagnifyingGlass AppIcon-Campfire AppIcon-Backpack AppIcon-Map AppIcon-Mushroom AppIcon-Camera";
				ASSETCATALOG_COMPILER_APPICON_NAME = AppIcon;
				ASSETCATALOG_COMPILER_GLOBAL_ACCENT_COLOR_NAME = AccentColor;
				ASSETCATALOG_COMPILER_INCLUDE_ALL_APPICON_ASSETS = YES;
				CODE_SIGN_STYLE = Automatic;
				CURRENT_PROJECT_VERSION = 1;
				DEVELOPMENT_ASSET_PATHS = "\"HikeApp/Preview Content\"";
				DEVELOPMENT_TEAM = 56AB9A2723;
				ENABLE_PREVIEWS = YES;
				GENERATE_INFOPLIST_FILE = YES;
				INFOPLIST_KEY_UIApplicationSceneManifest_Generation = YES;
				INFOPLIST_KEY_UIApplicationSupportsIndirectInputEvents = YES;
				INFOPLIST_KEY_UILaunchScreen_Generation = YES;
				INFOPLIST_KEY_UISupportedInterfaceOrientations_iPad = "UIInterfaceOrientationPortrait UIInterfaceOrientationPortraitUpsideDown UIInterfaceOrientationLandscapeLeft UIInterfaceOrientationLandscapeRight";
				INFOPLIST_KEY_UISupportedInterfaceOrientations_iPhone = "UIInterfaceOrientationPortrait UIInterfaceOrientationLandscapeLeft UIInterfaceOrientationLandscapeRight";
				LD_RUNPATH_SEARCH_PATHS = (
					"$(inherited)",
					"@executable_path/Frameworks",
				);
				MARKETING_VERSION = 1.0;
				PRODUCT_BUNDLE_IDENTIFIER = com.MyXcodeProjects.HikeApp;
				PRODUCT_NAME = "$(TARGET_NAME)";
				SWIFT_EMIT_LOC_STRINGS = YES;
				SWIFT_VERSION = 5.0;
				TARGETED_DEVICE_FAMILY = "1,2";
			};
			name = Release;
		};
/* End XCBuildConfiguration section */

/* Begin XCConfigurationList section */
		F4A0A8792C1F800B003AFEA1 /* Build configuration list for PBXProject "HikeApp" */ = {
			isa = XCConfigurationList;
			buildConfigurations = (
				F4A0A88A2C1F800D003AFEA1 /* Debug */,
				F4A0A88B2C1F800D003AFEA1 /* Release */,
			);
			defaultConfigurationIsVisible = 0;
			defaultConfigurationName = Release;
		};
		F4A0A88C2C1F800D003AFEA1 /* Build configuration list for PBXNativeTarget "HikeApp" */ = {
			isa = XCConfigurationList;
			buildConfigurations = (
				F4A0A88D2C1F800D003AFEA1 /* Debug */,
				F4A0A88E2C1F800D003AFEA1 /* Release */,
			);
			defaultConfigurationIsVisible = 0;
			defaultConfigurationName = Release;
		};
/* End XCConfigurationList section */
	};
	rootObject = F4A0A8762C1F800B003AFEA1 /* Project object */;
}
